// !$*UTF8*$!
{
	archiveVersion = 1;
	classes = {
	};
	objectVersion = 55;
	objects = {

/* Begin PBXBuildFile section */
		090C29472AA2331D007BF4FC /* CharacterService.swift in Sources */ = {isa = PBXBuildFile; fileRef = 090C29462AA2331D007BF4FC /* CharacterService.swift */; };
		090C29492AA236EA007BF4FC /* CharacterViewModel.swift in Sources */ = {isa = PBXBuildFile; fileRef = 090C29482AA236E9007BF4FC /* CharacterViewModel.swift */; };
		090C294B2AA24208007BF4FC /* TitleHeaderCollectionReusableView.swift in Sources */ = {isa = PBXBuildFile; fileRef = 090C294A2AA24208007BF4FC /* TitleHeaderCollectionReusableView.swift */; };
		090C294D2AA28126007BF4FC /* CharacterCollectionReusableView.swift in Sources */ = {isa = PBXBuildFile; fileRef = 090C294C2AA28126007BF4FC /* CharacterCollectionReusableView.swift */; };
		09726EF42AA0ED8F00332FF6 /* UbicationResponse.swift in Sources */ = {isa = PBXBuildFile; fileRef = 09726EF32AA0ED8F00332FF6 /* UbicationResponse.swift */; };
		09726EF62AA101A200332FF6 /* LocationCollectionViewCell.swift in Sources */ = {isa = PBXBuildFile; fileRef = 09726EF52AA101A200332FF6 /* LocationCollectionViewCell.swift */; };
		09726EF92AA15EDB00332FF6 /* AllEpisodeResponse.swift in Sources */ = {isa = PBXBuildFile; fileRef = 09726EF82AA15EDB00332FF6 /* AllEpisodeResponse.swift */; };
		09726EFB2AA1608100332FF6 /* EpisodeResponse.swift in Sources */ = {isa = PBXBuildFile; fileRef = 09726EFA2AA1608100332FF6 /* EpisodeResponse.swift */; };
		097DE6422A9ECBD600F54D94 /* AppDelegate.swift in Sources */ = {isa = PBXBuildFile; fileRef = 097DE6412A9ECBD600F54D94 /* AppDelegate.swift */; };
		097DE6442A9ECBD600F54D94 /* SceneDelegate.swift in Sources */ = {isa = PBXBuildFile; fileRef = 097DE6432A9ECBD600F54D94 /* SceneDelegate.swift */; };
		097DE6462A9ECBD700F54D94 /* BrowseViewController.swift in Sources */ = {isa = PBXBuildFile; fileRef = 097DE6452A9ECBD700F54D94 /* BrowseViewController.swift */; };
		097DE64C2A9ECBD700F54D94 /* RickandMorty.xcdatamodeld in Sources */ = {isa = PBXBuildFile; fileRef = 097DE64A2A9ECBD700F54D94 /* RickandMorty.xcdatamodeld */; };
		097DE64E2A9ECBDE00F54D94 /* Assets.xcassets in Resources */ = {isa = PBXBuildFile; fileRef = 097DE64D2A9ECBDE00F54D94 /* Assets.xcassets */; };
		097DE6512A9ECBDE00F54D94 /* LaunchScreen.storyboard in Resources */ = {isa = PBXBuildFile; fileRef = 097DE64F2A9ECBDE00F54D94 /* LaunchScreen.storyboard */; };
		097DE6612A9ED00500F54D94 /* APIManager.swift in Sources */ = {isa = PBXBuildFile; fileRef = 097DE6602A9ED00500F54D94 /* APIManager.swift */; };
		097DE6632A9EDB8600F54D94 /* CharacterResponse.swift in Sources */ = {isa = PBXBuildFile; fileRef = 097DE6622A9EDB8600F54D94 /* CharacterResponse.swift */; };
		097DE6652A9EDC1F00F54D94 /* LocationResponse.swift in Sources */ = {isa = PBXBuildFile; fileRef = 097DE6642A9EDC1F00F54D94 /* LocationResponse.swift */; };
		097DE6672A9EDC8500F54D94 /* BrowseService.swift in Sources */ = {isa = PBXBuildFile; fileRef = 097DE6662A9EDC8500F54D94 /* BrowseService.swift */; };
		097DE6692A9FA2BD00F54D94 /* BrowserViewModel.swift in Sources */ = {isa = PBXBuildFile; fileRef = 097DE6682A9FA2BD00F54D94 /* BrowserViewModel.swift */; };
		0980768F2AA3DB8100695302 /* CharacterCoverCollectionViewCell.swift in Sources */ = {isa = PBXBuildFile; fileRef = 0980768E2AA3DB8100695302 /* CharacterCoverCollectionViewCell.swift */; };
		098076922AA3E36300695302 /* LocationViewModel.swift in Sources */ = {isa = PBXBuildFile; fileRef = 098076912AA3E36300695302 /* LocationViewModel.swift */; };
		098076962AA404D300695302 /* LocationService.swift in Sources */ = {isa = PBXBuildFile; fileRef = 098076952AA404D300695302 /* LocationService.swift */; };
		098138962AA512940069A52F /* CharacterViewController.swift in Sources */ = {isa = PBXBuildFile; fileRef = 098138952AA512940069A52F /* CharacterViewController.swift */; };
		098138982AA513EF0069A52F /* LocationViewController.swift in Sources */ = {isa = PBXBuildFile; fileRef = 098138972AA513EF0069A52F /* LocationViewController.swift */; };
		0981389A2AA51E240069A52F /* LocationCoverCollectionViewCell.swift in Sources */ = {isa = PBXBuildFile; fileRef = 098138992AA51E240069A52F /* LocationCoverCollectionViewCell.swift */; };
		098138A22AA545210069A52F /* EpisodeViewModel.swift in Sources */ = {isa = PBXBuildFile; fileRef = 098138A12AA545210069A52F /* EpisodeViewModel.swift */; };
		098138A42AA545420069A52F /* EpisodeViewController.swift in Sources */ = {isa = PBXBuildFile; fileRef = 098138A32AA545420069A52F /* EpisodeViewController.swift */; };
		098138A62AA54C620069A52F /* EpisodeService.swift in Sources */ = {isa = PBXBuildFile; fileRef = 098138A52AA54C620069A52F /* EpisodeService.swift */; };
		099263532AA21E4400A8E402 /* EpisodeCollectionViewCell.swift in Sources */ = {isa = PBXBuildFile; fileRef = 099263522AA21E4400A8E402 /* EpisodeCollectionViewCell.swift */; };
		099263552AA223AA00A8E402 /* TabBarViewController.swift in Sources */ = {isa = PBXBuildFile; fileRef = 099263542AA223AA00A8E402 /* TabBarViewController.swift */; };
		09D1BB352AA61F25002B1210 /* EpisodeCoverCollectionViewCell.swift in Sources */ = {isa = PBXBuildFile; fileRef = 09D1BB342AA61F25002B1210 /* EpisodeCoverCollectionViewCell.swift */; };
		09D1BB3A2AA62F12002B1210 /* SearchViewController.swift in Sources */ = {isa = PBXBuildFile; fileRef = 09D1BB392AA62F12002B1210 /* SearchViewController.swift */; };
		09D1BB3D2AA62FEA002B1210 /* SearchResultsViewController.swift in Sources */ = {isa = PBXBuildFile; fileRef = 09D1BB3C2AA62FEA002B1210 /* SearchResultsViewController.swift */; };
		09D1BB7A2AA77115002B1210 /* SearchViewModel.swift in Sources */ = {isa = PBXBuildFile; fileRef = 09D1BB792AA77115002B1210 /* SearchViewModel.swift */; };
		09D1BB7C2AA7717E002B1210 /* SearchService.swift in Sources */ = {isa = PBXBuildFile; fileRef = 09D1BB7B2AA7717E002B1210 /* SearchService.swift */; };
		09D1BB7E2AA7871C002B1210 /* CharactersTableViewCell.swift in Sources */ = {isa = PBXBuildFile; fileRef = 09D1BB7D2AA7871C002B1210 /* CharactersTableViewCell.swift */; };
		09D1BB812AA7C32B002B1210 /* CharacterSearchResponse.swift in Sources */ = {isa = PBXBuildFile; fileRef = 09D1BB802AA7C32B002B1210 /* CharacterSearchResponse.swift */; };
		09E7210C2AA0CBD700BB3D23 /* CharacterCollectionViewCell.swift in Sources */ = {isa = PBXBuildFile; fileRef = 09E7210B2AA0CBD700BB3D23 /* CharacterCollectionViewCell.swift */; };
		09E7210E2AA0D63300BB3D23 /* AllCharacterResponse.swift in Sources */ = {isa = PBXBuildFile; fileRef = 09E7210D2AA0D63300BB3D23 /* AllCharacterResponse.swift */; };
		09E721122AA0EA3D00BB3D23 /* AllLocationResponse.swift in Sources */ = {isa = PBXBuildFile; fileRef = 09E721112AA0EA3D00BB3D23 /* AllLocationResponse.swift */; };
		09E721142AA0EA7500BB3D23 /* Info.swift in Sources */ = {isa = PBXBuildFile; fileRef = 09E721132AA0EA7400BB3D23 /* Info.swift */; };
		EF93DB0EAA4F7575080CB8E4 /* Pods_RickandMorty.framework in Frameworks */ = {isa = PBXBuildFile; fileRef = C8DF3AFDDAAE1679B504DE47 /* Pods_RickandMorty.framework */; };
/* End PBXBuildFile section */

/* Begin PBXFileReference section */
		090C29462AA2331D007BF4FC /* CharacterService.swift */ = {isa = PBXFileReference; lastKnownFileType = sourcecode.swift; path = CharacterService.swift; sourceTree = "<group>"; };
		090C29482AA236E9007BF4FC /* CharacterViewModel.swift */ = {isa = PBXFileReference; lastKnownFileType = sourcecode.swift; path = CharacterViewModel.swift; sourceTree = "<group>"; };
		090C294A2AA24208007BF4FC /* TitleHeaderCollectionReusableView.swift */ = {isa = PBXFileReference; lastKnownFileType = sourcecode.swift; path = TitleHeaderCollectionReusableView.swift; sourceTree = "<group>"; };
		090C294C2AA28126007BF4FC /* CharacterCollectionReusableView.swift */ = {isa = PBXFileReference; lastKnownFileType = sourcecode.swift; path = CharacterCollectionReusableView.swift; sourceTree = "<group>"; };
		09726EF32AA0ED8F00332FF6 /* UbicationResponse.swift */ = {isa = PBXFileReference; lastKnownFileType = sourcecode.swift; path = UbicationResponse.swift; sourceTree = "<group>"; };
		09726EF52AA101A200332FF6 /* LocationCollectionViewCell.swift */ = {isa = PBXFileReference; lastKnownFileType = sourcecode.swift; path = LocationCollectionViewCell.swift; sourceTree = "<group>"; };
		09726EF82AA15EDB00332FF6 /* AllEpisodeResponse.swift */ = {isa = PBXFileReference; lastKnownFileType = sourcecode.swift; path = AllEpisodeResponse.swift; sourceTree = "<group>"; };
		09726EFA2AA1608100332FF6 /* EpisodeResponse.swift */ = {isa = PBXFileReference; lastKnownFileType = sourcecode.swift; path = EpisodeResponse.swift; sourceTree = "<group>"; };
		097DE63E2A9ECBD600F54D94 /* RickandMorty.app */ = {isa = PBXFileReference; explicitFileType = wrapper.application; includeInIndex = 0; path = RickandMorty.app; sourceTree = BUILT_PRODUCTS_DIR; };
		097DE6412A9ECBD600F54D94 /* AppDelegate.swift */ = {isa = PBXFileReference; lastKnownFileType = sourcecode.swift; path = AppDelegate.swift; sourceTree = "<group>"; };
		097DE6432A9ECBD600F54D94 /* SceneDelegate.swift */ = {isa = PBXFileReference; lastKnownFileType = sourcecode.swift; path = SceneDelegate.swift; sourceTree = "<group>"; };
		097DE6452A9ECBD700F54D94 /* BrowseViewController.swift */ = {isa = PBXFileReference; lastKnownFileType = sourcecode.swift; path = BrowseViewController.swift; sourceTree = "<group>"; };
		097DE64B2A9ECBD700F54D94 /* RickandMorty.xcdatamodel */ = {isa = PBXFileReference; lastKnownFileType = wrapper.xcdatamodel; path = RickandMorty.xcdatamodel; sourceTree = "<group>"; };
		097DE64D2A9ECBDE00F54D94 /* Assets.xcassets */ = {isa = PBXFileReference; lastKnownFileType = folder.assetcatalog; path = Assets.xcassets; sourceTree = "<group>"; };
		097DE6502A9ECBDE00F54D94 /* Base */ = {isa = PBXFileReference; lastKnownFileType = file.storyboard; name = Base; path = Base.lproj/LaunchScreen.storyboard; sourceTree = "<group>"; };
		097DE6522A9ECBDE00F54D94 /* Info.plist */ = {isa = PBXFileReference; lastKnownFileType = text.plist.xml; path = Info.plist; sourceTree = "<group>"; };
		097DE6602A9ED00500F54D94 /* APIManager.swift */ = {isa = PBXFileReference; lastKnownFileType = sourcecode.swift; path = APIManager.swift; sourceTree = "<group>"; };
		097DE6622A9EDB8600F54D94 /* CharacterResponse.swift */ = {isa = PBXFileReference; lastKnownFileType = sourcecode.swift; path = CharacterResponse.swift; sourceTree = "<group>"; };
		097DE6642A9EDC1F00F54D94 /* LocationResponse.swift */ = {isa = PBXFileReference; lastKnownFileType = sourcecode.swift; path = LocationResponse.swift; sourceTree = "<group>"; };
		097DE6662A9EDC8500F54D94 /* BrowseService.swift */ = {isa = PBXFileReference; lastKnownFileType = sourcecode.swift; path = BrowseService.swift; sourceTree = "<group>"; };
		097DE6682A9FA2BD00F54D94 /* BrowserViewModel.swift */ = {isa = PBXFileReference; lastKnownFileType = sourcecode.swift; path = BrowserViewModel.swift; sourceTree = "<group>"; };
		0980768E2AA3DB8100695302 /* CharacterCoverCollectionViewCell.swift */ = {isa = PBXFileReference; lastKnownFileType = sourcecode.swift; path = CharacterCoverCollectionViewCell.swift; sourceTree = "<group>"; };
		098076912AA3E36300695302 /* LocationViewModel.swift */ = {isa = PBXFileReference; lastKnownFileType = sourcecode.swift; path = LocationViewModel.swift; sourceTree = "<group>"; };
		098076952AA404D300695302 /* LocationService.swift */ = {isa = PBXFileReference; lastKnownFileType = sourcecode.swift; path = LocationService.swift; sourceTree = "<group>"; };
		098138952AA512940069A52F /* CharacterViewController.swift */ = {isa = PBXFileReference; lastKnownFileType = sourcecode.swift; path = CharacterViewController.swift; sourceTree = "<group>"; };
		098138972AA513EF0069A52F /* LocationViewController.swift */ = {isa = PBXFileReference; lastKnownFileType = sourcecode.swift; path = LocationViewController.swift; sourceTree = "<group>"; };
		098138992AA51E240069A52F /* LocationCoverCollectionViewCell.swift */ = {isa = PBXFileReference; lastKnownFileType = sourcecode.swift; path = LocationCoverCollectionViewCell.swift; sourceTree = "<group>"; };
		098138A12AA545210069A52F /* EpisodeViewModel.swift */ = {isa = PBXFileReference; lastKnownFileType = sourcecode.swift; path = EpisodeViewModel.swift; sourceTree = "<group>"; };
		098138A32AA545420069A52F /* EpisodeViewController.swift */ = {isa = PBXFileReference; lastKnownFileType = sourcecode.swift; path = EpisodeViewController.swift; sourceTree = "<group>"; };
		098138A52AA54C620069A52F /* EpisodeService.swift */ = {isa = PBXFileReference; lastKnownFileType = sourcecode.swift; path = EpisodeService.swift; sourceTree = "<group>"; };
		099263522AA21E4400A8E402 /* EpisodeCollectionViewCell.swift */ = {isa = PBXFileReference; lastKnownFileType = sourcecode.swift; path = EpisodeCollectionViewCell.swift; sourceTree = "<group>"; };
		099263542AA223AA00A8E402 /* TabBarViewController.swift */ = {isa = PBXFileReference; lastKnownFileType = sourcecode.swift; path = TabBarViewController.swift; sourceTree = "<group>"; };
		09D1BB342AA61F25002B1210 /* EpisodeCoverCollectionViewCell.swift */ = {isa = PBXFileReference; lastKnownFileType = sourcecode.swift; path = EpisodeCoverCollectionViewCell.swift; sourceTree = "<group>"; };
		09D1BB392AA62F12002B1210 /* SearchViewController.swift */ = {isa = PBXFileReference; lastKnownFileType = sourcecode.swift; path = SearchViewController.swift; sourceTree = "<group>"; };
		09D1BB3C2AA62FEA002B1210 /* SearchResultsViewController.swift */ = {isa = PBXFileReference; lastKnownFileType = sourcecode.swift; path = SearchResultsViewController.swift; sourceTree = "<group>"; };
		09D1BB792AA77115002B1210 /* SearchViewModel.swift */ = {isa = PBXFileReference; lastKnownFileType = sourcecode.swift; path = SearchViewModel.swift; sourceTree = "<group>"; };
		09D1BB7B2AA7717E002B1210 /* SearchService.swift */ = {isa = PBXFileReference; lastKnownFileType = sourcecode.swift; path = SearchService.swift; sourceTree = "<group>"; };
		09D1BB7D2AA7871C002B1210 /* CharactersTableViewCell.swift */ = {isa = PBXFileReference; lastKnownFileType = sourcecode.swift; path = CharactersTableViewCell.swift; sourceTree = "<group>"; };
		09D1BB802AA7C32B002B1210 /* CharacterSearchResponse.swift */ = {isa = PBXFileReference; lastKnownFileType = sourcecode.swift; path = CharacterSearchResponse.swift; sourceTree = "<group>"; };
		09E7210B2AA0CBD700BB3D23 /* CharacterCollectionViewCell.swift */ = {isa = PBXFileReference; lastKnownFileType = sourcecode.swift; path = CharacterCollectionViewCell.swift; sourceTree = "<group>"; };
		09E7210D2AA0D63300BB3D23 /* AllCharacterResponse.swift */ = {isa = PBXFileReference; lastKnownFileType = sourcecode.swift; path = AllCharacterResponse.swift; sourceTree = "<group>"; };
		09E721112AA0EA3D00BB3D23 /* AllLocationResponse.swift */ = {isa = PBXFileReference; lastKnownFileType = sourcecode.swift; path = AllLocationResponse.swift; sourceTree = "<group>"; };
		09E721132AA0EA7400BB3D23 /* Info.swift */ = {isa = PBXFileReference; lastKnownFileType = sourcecode.swift; path = Info.swift; sourceTree = "<group>"; };
		3DE0F4E5E0CBC160030B5B2F /* Pods-RickandMorty.release.xcconfig */ = {isa = PBXFileReference; includeInIndex = 1; lastKnownFileType = text.xcconfig; name = "Pods-RickandMorty.release.xcconfig"; path = "Target Support Files/Pods-RickandMorty/Pods-RickandMorty.release.xcconfig"; sourceTree = "<group>"; };
		6B42A7851C81DABBCFA1F1C1 /* Pods-RickandMorty.debug.xcconfig */ = {isa = PBXFileReference; includeInIndex = 1; lastKnownFileType = text.xcconfig; name = "Pods-RickandMorty.debug.xcconfig"; path = "Target Support Files/Pods-RickandMorty/Pods-RickandMorty.debug.xcconfig"; sourceTree = "<group>"; };
		C8DF3AFDDAAE1679B504DE47 /* Pods_RickandMorty.framework */ = {isa = PBXFileReference; explicitFileType = wrapper.framework; includeInIndex = 0; path = Pods_RickandMorty.framework; sourceTree = BUILT_PRODUCTS_DIR; };
/* End PBXFileReference section */

/* Begin PBXFrameworksBuildPhase section */
		097DE63B2A9ECBD600F54D94 /* Frameworks */ = {
			isa = PBXFrameworksBuildPhase;
			buildActionMask = 2147483647;
			files = (
				EF93DB0EAA4F7575080CB8E4 /* Pods_RickandMorty.framework in Frameworks */,
			);
			runOnlyForDeploymentPostprocessing = 0;
		};
/* End PBXFrameworksBuildPhase section */

/* Begin PBXGroup section */
		09726EF72AA15EBC00332FF6 /* Episode */ = {
			isa = PBXGroup;
			children = (
				09726EF82AA15EDB00332FF6 /* AllEpisodeResponse.swift */,
				09726EFA2AA1608100332FF6 /* EpisodeResponse.swift */,
			);
			path = Episode;
			sourceTree = "<group>";
		};
		097DE6352A9ECBD600F54D94 = {
			isa = PBXGroup;
			children = (
				097DE6402A9ECBD600F54D94 /* RickandMorty */,
				097DE63F2A9ECBD600F54D94 /* Products */,
				7A59853EB1F2CF53ECFD3EA2 /* Pods */,
				2B88466EBE36341A13B340CB /* Frameworks */,
			);
			sourceTree = "<group>";
		};
		097DE63F2A9ECBD600F54D94 /* Products */ = {
			isa = PBXGroup;
			children = (
				097DE63E2A9ECBD600F54D94 /* RickandMorty.app */,
			);
			name = Products;
			sourceTree = "<group>";
		};
		097DE6402A9ECBD600F54D94 /* RickandMorty */ = {
			isa = PBXGroup;
			children = (
				097DE6582A9ECE3800F54D94 /* Manager */,
				097DE6592A9ECE4700F54D94 /* Utils */,
				099263582AA2298800A8E402 /* Moduls */,
				097DE6412A9ECBD600F54D94 /* AppDelegate.swift */,
				097DE6432A9ECBD600F54D94 /* SceneDelegate.swift */,
				097DE64D2A9ECBDE00F54D94 /* Assets.xcassets */,
				097DE64F2A9ECBDE00F54D94 /* LaunchScreen.storyboard */,
				097DE6522A9ECBDE00F54D94 /* Info.plist */,
				097DE64A2A9ECBD700F54D94 /* RickandMorty.xcdatamodeld */,
			);
			path = RickandMorty;
			sourceTree = "<group>";
		};
		097DE6582A9ECE3800F54D94 /* Manager */ = {
			isa = PBXGroup;
			children = (
				097DE6602A9ED00500F54D94 /* APIManager.swift */,
			);
			path = Manager;
			sourceTree = "<group>";
		};
		097DE6592A9ECE4700F54D94 /* Utils */ = {
			isa = PBXGroup;
			children = (
				097DE65D2A9ECF4200F54D94 /* Models */,
				09E7210A2AA0CBAD00BB3D23 /* Views */,
			);
			path = Utils;
			sourceTree = "<group>";
		};
		097DE65A2A9ECE5600F54D94 /* Core */ = {
			isa = PBXGroup;
			children = (
				099263562AA2296000A8E402 /* Search */,
				097DE65B2A9ECEFD00F54D94 /* Browse */,
				099263542AA223AA00A8E402 /* TabBarViewController.swift */,
			);
			path = Core;
			sourceTree = "<group>";
		};
		097DE65B2A9ECEFD00F54D94 /* Browse */ = {
			isa = PBXGroup;
			children = (
				097DE65C2A9ECF3800F54D94 /* View */,
				097DE65E2A9ECF4B00F54D94 /* ViewModel */,
				097DE65F2A9ECF5600F54D94 /* Service */,
			);
			path = Browse;
			sourceTree = "<group>";
		};
		097DE65C2A9ECF3800F54D94 /* View */ = {
			isa = PBXGroup;
			children = (
				097DE6452A9ECBD700F54D94 /* BrowseViewController.swift */,
			);
			path = View;
			sourceTree = "<group>";
		};
		097DE65D2A9ECF4200F54D94 /* Models */ = {
			isa = PBXGroup;
			children = (
				09D1BB7F2AA79D10002B1210 /* Search */,
				09726EF72AA15EBC00332FF6 /* Episode */,
				09E721102AA0E9E900BB3D23 /* Locations */,
				09E7210F2AA0E9B800BB3D23 /* Characters */,
				09E721132AA0EA7400BB3D23 /* Info.swift */,
			);
			path = Models;
			sourceTree = "<group>";
		};
		097DE65E2A9ECF4B00F54D94 /* ViewModel */ = {
			isa = PBXGroup;
			children = (
				097DE6682A9FA2BD00F54D94 /* BrowserViewModel.swift */,
			);
			path = ViewModel;
			sourceTree = "<group>";
		};
		097DE65F2A9ECF5600F54D94 /* Service */ = {
			isa = PBXGroup;
			children = (
				097DE6662A9EDC8500F54D94 /* BrowseService.swift */,
			);
			path = Service;
			sourceTree = "<group>";
		};
		098076902AA3E34400695302 /* Location */ = {
			isa = PBXGroup;
			children = (
				098076932AA404B800695302 /* ViewModel */,
				098076972AA4057200695302 /* View */,
				098076942AA404C300695302 /* Service */,
			);
			path = Location;
			sourceTree = "<group>";
		};
		098076932AA404B800695302 /* ViewModel */ = {
			isa = PBXGroup;
			children = (
				098076912AA3E36300695302 /* LocationViewModel.swift */,
			);
			path = ViewModel;
			sourceTree = "<group>";
		};
		098076942AA404C300695302 /* Service */ = {
			isa = PBXGroup;
			children = (
				098076952AA404D300695302 /* LocationService.swift */,
			);
			path = Service;
			sourceTree = "<group>";
		};
		098076972AA4057200695302 /* View */ = {
			isa = PBXGroup;
			children = (
				098138972AA513EF0069A52F /* LocationViewController.swift */,
			);
			path = View;
			sourceTree = "<group>";
		};
		0981389D2AA5445F0069A52F /* Episodes */ = {
			isa = PBXGroup;
			children = (
				0981389F2AA5447D0069A52F /* View */,
				0981389E2AA5446A0069A52F /* ViewModel */,
				098138A02AA544840069A52F /* Service */,
			);
			path = Episodes;
			sourceTree = "<group>";
		};
		0981389E2AA5446A0069A52F /* ViewModel */ = {
			isa = PBXGroup;
			children = (
				098138A12AA545210069A52F /* EpisodeViewModel.swift */,
			);
			path = ViewModel;
			sourceTree = "<group>";
		};
		0981389F2AA5447D0069A52F /* View */ = {
			isa = PBXGroup;
			children = (
				098138A32AA545420069A52F /* EpisodeViewController.swift */,
			);
			path = View;
			sourceTree = "<group>";
		};
		098138A02AA544840069A52F /* Service */ = {
			isa = PBXGroup;
			children = (
				098138A52AA54C620069A52F /* EpisodeService.swift */,
			);
			path = Service;
			sourceTree = "<group>";
		};
		099263562AA2296000A8E402 /* Search */ = {
			isa = PBXGroup;
			children = (
				09D1BB372AA62DE1002B1210 /* View */,
				09D1BB362AA62DD8002B1210 /* ViewModel */,
				09D1BB382AA62DE8002B1210 /* Service */,
			);
			name = Search;
			sourceTree = "<group>";
		};
		099263582AA2298800A8E402 /* Moduls */ = {
			isa = PBXGroup;
			children = (
				099263592AA229BC00A8E402 /* Others */,
				097DE65A2A9ECE5600F54D94 /* Core */,
			);
			path = Moduls;
			sourceTree = "<group>";
		};
		099263592AA229BC00A8E402 /* Others */ = {
			isa = PBXGroup;
			children = (
				09D1BB3B2AA62FC8002B1210 /* SearchResult */,
				0981389D2AA5445F0069A52F /* Episodes */,
				098076902AA3E34400695302 /* Location */,
				0992635C2AA229E000A8E402 /* Character */,
			);
			path = Others;
			sourceTree = "<group>";
		};
		0992635A2AA229C800A8E402 /* Service */ = {
			isa = PBXGroup;
			children = (
				090C29462AA2331D007BF4FC /* CharacterService.swift */,
			);
			path = Service;
			sourceTree = "<group>";
		};
		0992635C2AA229E000A8E402 /* Character */ = {
			isa = PBXGroup;
			children = (
				0992635E2AA229FE00A8E402 /* View */,
				0992635D2AA229ED00A8E402 /* ViewModel */,
				0992635A2AA229C800A8E402 /* Service */,
			);
			path = Character;
			sourceTree = "<group>";
		};
		0992635D2AA229ED00A8E402 /* ViewModel */ = {
			isa = PBXGroup;
			children = (
				090C29482AA236E9007BF4FC /* CharacterViewModel.swift */,
			);
			path = ViewModel;
			sourceTree = "<group>";
		};
		0992635E2AA229FE00A8E402 /* View */ = {
			isa = PBXGroup;
			children = (
				098138952AA512940069A52F /* CharacterViewController.swift */,
			);
			path = View;
			sourceTree = "<group>";
		};
		09D1BB362AA62DD8002B1210 /* ViewModel */ = {
			isa = PBXGroup;
			children = (
				09D1BB792AA77115002B1210 /* SearchViewModel.swift */,
			);
			name = ViewModel;
			sourceTree = "<group>";
		};
		09D1BB372AA62DE1002B1210 /* View */ = {
			isa = PBXGroup;
			children = (
				09D1BB392AA62F12002B1210 /* SearchViewController.swift */,
			);
			name = View;
			sourceTree = "<group>";
		};
		09D1BB382AA62DE8002B1210 /* Service */ = {
			isa = PBXGroup;
			children = (
				09D1BB7B2AA7717E002B1210 /* SearchService.swift */,
			);
			name = Service;
			sourceTree = "<group>";
		};
		09D1BB3B2AA62FC8002B1210 /* SearchResult */ = {
			isa = PBXGroup;
			children = (
				09D1BB402AA63005002B1210 /* Service */,
				09D1BB3F2AA62FF8002B1210 /* ViewModel */,
				09D1BB3E2AA62FF0002B1210 /* View */,
			);
			path = SearchResult;
			sourceTree = "<group>";
		};
		09D1BB3E2AA62FF0002B1210 /* View */ = {
			isa = PBXGroup;
			children = (
				09D1BB3C2AA62FEA002B1210 /* SearchResultsViewController.swift */,
			);
			path = View;
			sourceTree = "<group>";
		};
		09D1BB3F2AA62FF8002B1210 /* ViewModel */ = {
			isa = PBXGroup;
			children = (
			);
			path = ViewModel;
			sourceTree = "<group>";
		};
		09D1BB402AA63005002B1210 /* Service */ = {
			isa = PBXGroup;
			children = (
			);
			path = Service;
			sourceTree = "<group>";
		};
		09D1BB7F2AA79D10002B1210 /* Search */ = {
			isa = PBXGroup;
			children = (
				09D1BB802AA7C32B002B1210 /* CharacterSearchResponse.swift */,
			);
			path = Search;
			sourceTree = "<group>";
		};
		09E7210A2AA0CBAD00BB3D23 /* Views */ = {
			isa = PBXGroup;
			children = (
				09E7210B2AA0CBD700BB3D23 /* CharacterCollectionViewCell.swift */,
				09726EF52AA101A200332FF6 /* LocationCollectionViewCell.swift */,
				099263522AA21E4400A8E402 /* EpisodeCollectionViewCell.swift */,
				090C294A2AA24208007BF4FC /* TitleHeaderCollectionReusableView.swift */,
				090C294C2AA28126007BF4FC /* CharacterCollectionReusableView.swift */,
				0980768E2AA3DB8100695302 /* CharacterCoverCollectionViewCell.swift */,
				098138992AA51E240069A52F /* LocationCoverCollectionViewCell.swift */,
				09D1BB342AA61F25002B1210 /* EpisodeCoverCollectionViewCell.swift */,
				09D1BB7D2AA7871C002B1210 /* CharactersTableViewCell.swift */,
			);
			path = Views;
			sourceTree = "<group>";
		};
		09E7210F2AA0E9B800BB3D23 /* Characters */ = {
			isa = PBXGroup;
			children = (
				09E7210D2AA0D63300BB3D23 /* AllCharacterResponse.swift */,
				097DE6622A9EDB8600F54D94 /* CharacterResponse.swift */,
				097DE6642A9EDC1F00F54D94 /* LocationResponse.swift */,
			);
			path = Characters;
			sourceTree = "<group>";
		};
		09E721102AA0E9E900BB3D23 /* Locations */ = {
			isa = PBXGroup;
			children = (
				09E721112AA0EA3D00BB3D23 /* AllLocationResponse.swift */,
				09726EF32AA0ED8F00332FF6 /* UbicationResponse.swift */,
			);
			path = Locations;
			sourceTree = "<group>";
		};
		2B88466EBE36341A13B340CB /* Frameworks */ = {
			isa = PBXGroup;
			children = (
				C8DF3AFDDAAE1679B504DE47 /* Pods_RickandMorty.framework */,
			);
			name = Frameworks;
			sourceTree = "<group>";
		};
		7A59853EB1F2CF53ECFD3EA2 /* Pods */ = {
			isa = PBXGroup;
			children = (
				6B42A7851C81DABBCFA1F1C1 /* Pods-RickandMorty.debug.xcconfig */,
				3DE0F4E5E0CBC160030B5B2F /* Pods-RickandMorty.release.xcconfig */,
			);
			path = Pods;
			sourceTree = "<group>";
		};
/* End PBXGroup section */

/* Begin PBXNativeTarget section */
		097DE63D2A9ECBD600F54D94 /* RickandMorty */ = {
			isa = PBXNativeTarget;
			buildConfigurationList = 097DE6552A9ECBDE00F54D94 /* Build configuration list for PBXNativeTarget "RickandMorty" */;
			buildPhases = (
				14A493C236E9AFC1A4ED09D9 /* [CP] Check Pods Manifest.lock */,
				097DE63A2A9ECBD600F54D94 /* Sources */,
				097DE63B2A9ECBD600F54D94 /* Frameworks */,
				097DE63C2A9ECBD600F54D94 /* Resources */,
				016AD7A34F7C56B0D7EF7EC7 /* [CP] Embed Pods Frameworks */,
			);
			buildRules = (
			);
			dependencies = (
			);
			name = RickandMorty;
			productName = RickandMorty;
			productReference = 097DE63E2A9ECBD600F54D94 /* RickandMorty.app */;
			productType = "com.apple.product-type.application";
		};
/* End PBXNativeTarget section */

/* Begin PBXProject section */
		097DE6362A9ECBD600F54D94 /* Project object */ = {
			isa = PBXProject;
			attributes = {
				BuildIndependentTargetsInParallel = 1;
				LastSwiftUpdateCheck = 1340;
				LastUpgradeCheck = 1340;
				TargetAttributes = {
					097DE63D2A9ECBD600F54D94 = {
						CreatedOnToolsVersion = 13.4.1;
					};
				};
			};
			buildConfigurationList = 097DE6392A9ECBD600F54D94 /* Build configuration list for PBXProject "RickandMorty" */;
			compatibilityVersion = "Xcode 13.0";
			developmentRegion = en;
			hasScannedForEncodings = 0;
			knownRegions = (
				en,
				Base,
			);
			mainGroup = 097DE6352A9ECBD600F54D94;
			productRefGroup = 097DE63F2A9ECBD600F54D94 /* Products */;
			projectDirPath = "";
			projectRoot = "";
			targets = (
				097DE63D2A9ECBD600F54D94 /* RickandMorty */,
			);
		};
/* End PBXProject section */

/* Begin PBXResourcesBuildPhase section */
		097DE63C2A9ECBD600F54D94 /* Resources */ = {
			isa = PBXResourcesBuildPhase;
			buildActionMask = 2147483647;
			files = (
				097DE6512A9ECBDE00F54D94 /* LaunchScreen.storyboard in Resources */,
				097DE64E2A9ECBDE00F54D94 /* Assets.xcassets in Resources */,
			);
			runOnlyForDeploymentPostprocessing = 0;
		};
/* End PBXResourcesBuildPhase section */

/* Begin PBXShellScriptBuildPhase section */
		016AD7A34F7C56B0D7EF7EC7 /* [CP] Embed Pods Frameworks */ = {
			isa = PBXShellScriptBuildPhase;
			buildActionMask = 2147483647;
			files = (
			);
			inputFileListPaths = (
				"${PODS_ROOT}/Target Support Files/Pods-RickandMorty/Pods-RickandMorty-frameworks-${CONFIGURATION}-input-files.xcfilelist",
			);
			name = "[CP] Embed Pods Frameworks";
			outputFileListPaths = (
				"${PODS_ROOT}/Target Support Files/Pods-RickandMorty/Pods-RickandMorty-frameworks-${CONFIGURATION}-output-files.xcfilelist",
			);
			runOnlyForDeploymentPostprocessing = 0;
			shellPath = /bin/sh;
			shellScript = "\"${PODS_ROOT}/Target Support Files/Pods-RickandMorty/Pods-RickandMorty-frameworks.sh\"\n";
			showEnvVarsInLog = 0;
		};
		14A493C236E9AFC1A4ED09D9 /* [CP] Check Pods Manifest.lock */ = {
			isa = PBXShellScriptBuildPhase;
			buildActionMask = 2147483647;
			files = (
			);
			inputFileListPaths = (
			);
			inputPaths = (
				"${PODS_PODFILE_DIR_PATH}/Podfile.lock",
				"${PODS_ROOT}/Manifest.lock",
			);
			name = "[CP] Check Pods Manifest.lock";
			outputFileListPaths = (
			);
			outputPaths = (
				"$(DERIVED_FILE_DIR)/Pods-RickandMorty-checkManifestLockResult.txt",
			);
			runOnlyForDeploymentPostprocessing = 0;
			shellPath = /bin/sh;
			shellScript = "diff \"${PODS_PODFILE_DIR_PATH}/Podfile.lock\" \"${PODS_ROOT}/Manifest.lock\" > /dev/null\nif [ $? != 0 ] ; then\n    # print error to STDERR\n    echo \"error: The sandbox is not in sync with the Podfile.lock. Run 'pod install' or update your CocoaPods installation.\" >&2\n    exit 1\nfi\n# This output is used by Xcode 'outputs' to avoid re-running this script phase.\necho \"SUCCESS\" > \"${SCRIPT_OUTPUT_FILE_0}\"\n";
			showEnvVarsInLog = 0;
		};
/* End PBXShellScriptBuildPhase section */

/* Begin PBXSourcesBuildPhase section */
		097DE63A2A9ECBD600F54D94 /* Sources */ = {
			isa = PBXSourcesBuildPhase;
			buildActionMask = 2147483647;
			files = (
				09D1BB7E2AA7871C002B1210 /* CharactersTableViewCell.swift in Sources */,
				09E7210C2AA0CBD700BB3D23 /* CharacterCollectionViewCell.swift in Sources */,
				098138962AA512940069A52F /* CharacterViewController.swift in Sources */,
				097DE64C2A9ECBD700F54D94 /* RickandMorty.xcdatamodeld in Sources */,
				09D1BB7A2AA77115002B1210 /* SearchViewModel.swift in Sources */,
				097DE6672A9EDC8500F54D94 /* BrowseService.swift in Sources */,
				098138A22AA545210069A52F /* EpisodeViewModel.swift in Sources */,
				09E7210E2AA0D63300BB3D23 /* AllCharacterResponse.swift in Sources */,
				09726EF92AA15EDB00332FF6 /* AllEpisodeResponse.swift in Sources */,
				09D1BB812AA7C32B002B1210 /* CharacterSearchResponse.swift in Sources */,
				097DE6652A9EDC1F00F54D94 /* LocationResponse.swift in Sources */,
				090C29492AA236EA007BF4FC /* CharacterViewModel.swift in Sources */,
				09726EF42AA0ED8F00332FF6 /* UbicationResponse.swift in Sources */,
				09726EF62AA101A200332FF6 /* LocationCollectionViewCell.swift in Sources */,
				09D1BB7C2AA7717E002B1210 /* SearchService.swift in Sources */,
				09E721122AA0EA3D00BB3D23 /* AllLocationResponse.swift in Sources */,
				090C29472AA2331D007BF4FC /* CharacterService.swift in Sources */,
				098138A62AA54C620069A52F /* EpisodeService.swift in Sources */,
				09D1BB3A2AA62F12002B1210 /* SearchViewController.swift in Sources */,
				097DE6462A9ECBD700F54D94 /* BrowseViewController.swift in Sources */,
				097DE6632A9EDB8600F54D94 /* CharacterResponse.swift in Sources */,
				098076962AA404D300695302 /* LocationService.swift in Sources */,
				0980768F2AA3DB8100695302 /* CharacterCoverCollectionViewCell.swift in Sources */,
				098138A42AA545420069A52F /* EpisodeViewController.swift in Sources */,
				098138982AA513EF0069A52F /* LocationViewController.swift in Sources */,
				097DE6692A9FA2BD00F54D94 /* BrowserViewModel.swift in Sources */,
				098076922AA3E36300695302 /* LocationViewModel.swift in Sources */,
				09D1BB352AA61F25002B1210 /* EpisodeCoverCollectionViewCell.swift in Sources */,
				09D1BB3D2AA62FEA002B1210 /* SearchResultsViewController.swift in Sources */,
				099263532AA21E4400A8E402 /* EpisodeCollectionViewCell.swift in Sources */,
				090C294D2AA28126007BF4FC /* CharacterCollectionReusableView.swift in Sources */,
				099263552AA223AA00A8E402 /* TabBarViewController.swift in Sources */,
				097DE6612A9ED00500F54D94 /* APIManager.swift in Sources */,
				090C294B2AA24208007BF4FC /* TitleHeaderCollectionReusableView.swift in Sources */,
				097DE6422A9ECBD600F54D94 /* AppDelegate.swift in Sources */,
				09E721142AA0EA7500BB3D23 /* Info.swift in Sources */,
				0981389A2AA51E240069A52F /* LocationCoverCollectionViewCell.swift in Sources */,
				097DE6442A9ECBD600F54D94 /* SceneDelegate.swift in Sources */,
				09726EFB2AA1608100332FF6 /* EpisodeResponse.swift in Sources */,
			);
			runOnlyForDeploymentPostprocessing = 0;
		};
/* End PBXSourcesBuildPhase section */

/* Begin PBXVariantGroup section */
		097DE64F2A9ECBDE00F54D94 /* LaunchScreen.storyboard */ = {
			isa = PBXVariantGroup;
			children = (
				097DE6502A9ECBDE00F54D94 /* Base */,
			);
			name = LaunchScreen.storyboard;
			sourceTree = "<group>";
		};
/* End PBXVariantGroup section */

/* Begin XCBuildConfiguration section */
		097DE6532A9ECBDE00F54D94 /* Debug */ = {
			isa = XCBuildConfiguration;
			buildSettings = {
				ALWAYS_SEARCH_USER_PATHS = NO;
				CLANG_ANALYZER_NONNULL = YES;
				CLANG_ANALYZER_NUMBER_OBJECT_CONVERSION = YES_AGGRESSIVE;
				CLANG_CXX_LANGUAGE_STANDARD = "gnu++17";
				CLANG_ENABLE_MODULES = YES;
				CLANG_ENABLE_OBJC_ARC = YES;
				CLANG_ENABLE_OBJC_WEAK = YES;
				CLANG_WARN_BLOCK_CAPTURE_AUTORELEASING = YES;
				CLANG_WARN_BOOL_CONVERSION = YES;
				CLANG_WARN_COMMA = YES;
				CLANG_WARN_CONSTANT_CONVERSION = YES;
				CLANG_WARN_DEPRECATED_OBJC_IMPLEMENTATIONS = YES;
				CLANG_WARN_DIRECT_OBJC_ISA_USAGE = YES_ERROR;
				CLANG_WARN_DOCUMENTATION_COMMENTS = YES;
				CLANG_WARN_EMPTY_BODY = YES;
				CLANG_WARN_ENUM_CONVERSION = YES;
				CLANG_WARN_INFINITE_RECURSION = YES;
				CLANG_WARN_INT_CONVERSION = YES;
				CLANG_WARN_NON_LITERAL_NULL_CONVERSION = YES;
				CLANG_WARN_OBJC_IMPLICIT_RETAIN_SELF = YES;
				CLANG_WARN_OBJC_LITERAL_CONVERSION = YES;
				CLANG_WARN_OBJC_ROOT_CLASS = YES_ERROR;
				CLANG_WARN_QUOTED_INCLUDE_IN_FRAMEWORK_HEADER = YES;
				CLANG_WARN_RANGE_LOOP_ANALYSIS = YES;
				CLANG_WARN_STRICT_PROTOTYPES = YES;
				CLANG_WARN_SUSPICIOUS_MOVE = YES;
				CLANG_WARN_UNGUARDED_AVAILABILITY = YES_AGGRESSIVE;
				CLANG_WARN_UNREACHABLE_CODE = YES;
				CLANG_WARN__DUPLICATE_METHOD_MATCH = YES;
				COPY_PHASE_STRIP = NO;
				DEBUG_INFORMATION_FORMAT = dwarf;
				ENABLE_STRICT_OBJC_MSGSEND = YES;
				ENABLE_TESTABILITY = YES;
				GCC_C_LANGUAGE_STANDARD = gnu11;
				GCC_DYNAMIC_NO_PIC = NO;
				GCC_NO_COMMON_BLOCKS = YES;
				GCC_OPTIMIZATION_LEVEL = 0;
				GCC_PREPROCESSOR_DEFINITIONS = (
					"DEBUG=1",
					"$(inherited)",
				);
				GCC_WARN_64_TO_32_BIT_CONVERSION = YES;
				GCC_WARN_ABOUT_RETURN_TYPE = YES_ERROR;
				GCC_WARN_UNDECLARED_SELECTOR = YES;
				GCC_WARN_UNINITIALIZED_AUTOS = YES_AGGRESSIVE;
				GCC_WARN_UNUSED_FUNCTION = YES;
				GCC_WARN_UNUSED_VARIABLE = YES;
				IPHONEOS_DEPLOYMENT_TARGET = 15.5;
				MTL_ENABLE_DEBUG_INFO = INCLUDE_SOURCE;
				MTL_FAST_MATH = YES;
				ONLY_ACTIVE_ARCH = YES;
				SDKROOT = iphoneos;
				SWIFT_ACTIVE_COMPILATION_CONDITIONS = DEBUG;
				SWIFT_OPTIMIZATION_LEVEL = "-Onone";
			};
			name = Debug;
		};
		097DE6542A9ECBDE00F54D94 /* Release */ = {
			isa = XCBuildConfiguration;
			buildSettings = {
				ALWAYS_SEARCH_USER_PATHS = NO;
				CLANG_ANALYZER_NONNULL = YES;
				CLANG_ANALYZER_NUMBER_OBJECT_CONVERSION = YES_AGGRESSIVE;
				CLANG_CXX_LANGUAGE_STANDARD = "gnu++17";
				CLANG_ENABLE_MODULES = YES;
				CLANG_ENABLE_OBJC_ARC = YES;
				CLANG_ENABLE_OBJC_WEAK = YES;
				CLANG_WARN_BLOCK_CAPTURE_AUTORELEASING = YES;
				CLANG_WARN_BOOL_CONVERSION = YES;
				CLANG_WARN_COMMA = YES;
				CLANG_WARN_CONSTANT_CONVERSION = YES;
				CLANG_WARN_DEPRECATED_OBJC_IMPLEMENTATIONS = YES;
				CLANG_WARN_DIRECT_OBJC_ISA_USAGE = YES_ERROR;
				CLANG_WARN_DOCUMENTATION_COMMENTS = YES;
				CLANG_WARN_EMPTY_BODY = YES;
				CLANG_WARN_ENUM_CONVERSION = YES;
				CLANG_WARN_INFINITE_RECURSION = YES;
				CLANG_WARN_INT_CONVERSION = YES;
				CLANG_WARN_NON_LITERAL_NULL_CONVERSION = YES;
				CLANG_WARN_OBJC_IMPLICIT_RETAIN_SELF = YES;
				CLANG_WARN_OBJC_LITERAL_CONVERSION = YES;
				CLANG_WARN_OBJC_ROOT_CLASS = YES_ERROR;
				CLANG_WARN_QUOTED_INCLUDE_IN_FRAMEWORK_HEADER = YES;
				CLANG_WARN_RANGE_LOOP_ANALYSIS = YES;
				CLANG_WARN_STRICT_PROTOTYPES = YES;
				CLANG_WARN_SUSPICIOUS_MOVE = YES;
				CLANG_WARN_UNGUARDED_AVAILABILITY = YES_AGGRESSIVE;
				CLANG_WARN_UNREACHABLE_CODE = YES;
				CLANG_WARN__DUPLICATE_METHOD_MATCH = YES;
				COPY_PHASE_STRIP = NO;
				DEBUG_INFORMATION_FORMAT = "dwarf-with-dsym";
				ENABLE_NS_ASSERTIONS = NO;
				ENABLE_STRICT_OBJC_MSGSEND = YES;
				GCC_C_LANGUAGE_STANDARD = gnu11;
				GCC_NO_COMMON_BLOCKS = YES;
				GCC_WARN_64_TO_32_BIT_CONVERSION = YES;
				GCC_WARN_ABOUT_RETURN_TYPE = YES_ERROR;
				GCC_WARN_UNDECLARED_SELECTOR = YES;
				GCC_WARN_UNINITIALIZED_AUTOS = YES_AGGRESSIVE;
				GCC_WARN_UNUSED_FUNCTION = YES;
				GCC_WARN_UNUSED_VARIABLE = YES;
				IPHONEOS_DEPLOYMENT_TARGET = 15.5;
				MTL_ENABLE_DEBUG_INFO = NO;
				MTL_FAST_MATH = YES;
				SDKROOT = iphoneos;
				SWIFT_COMPILATION_MODE = wholemodule;
				SWIFT_OPTIMIZATION_LEVEL = "-O";
				VALIDATE_PRODUCT = YES;
			};
			name = Release;
		};
		097DE6562A9ECBDE00F54D94 /* Debug */ = {
			isa = XCBuildConfiguration;
			baseConfigurationReference = 6B42A7851C81DABBCFA1F1C1 /* Pods-RickandMorty.debug.xcconfig */;
			buildSettings = {
				ASSETCATALOG_COMPILER_APPICON_NAME = AppIcon;
				ASSETCATALOG_COMPILER_GLOBAL_ACCENT_COLOR_NAME = AccentColor;
				CODE_SIGN_STYLE = Automatic;
				CURRENT_PROJECT_VERSION = 1;
				DEVELOPMENT_TEAM = 5WR73Q6863;
				GENERATE_INFOPLIST_FILE = YES;
				INFOPLIST_FILE = RickandMorty/Info.plist;
				INFOPLIST_KEY_UIApplicationSupportsIndirectInputEvents = YES;
				INFOPLIST_KEY_UILaunchStoryboardName = LaunchScreen;
				INFOPLIST_KEY_UISupportedInterfaceOrientations = UIInterfaceOrientationPortrait;
				INFOPLIST_KEY_UISupportedInterfaceOrientations_iPad = "UIInterfaceOrientationPortrait UIInterfaceOrientationPortraitUpsideDown UIInterfaceOrientationLandscapeLeft UIInterfaceOrientationLandscapeRight";
				INFOPLIST_KEY_UISupportedInterfaceOrientations_iPhone = "UIInterfaceOrientationPortrait UIInterfaceOrientationLandscapeLeft UIInterfaceOrientationLandscapeRight";
				LD_RUNPATH_SEARCH_PATHS = (
					"$(inherited)",
					"@executable_path/Frameworks",
				);
				MARKETING_VERSION = 1.0;
				PRODUCT_BUNDLE_IDENTIFIER = com.adriancysvillegas.RickandMorty;
				PRODUCT_NAME = "$(TARGET_NAME)";
				SWIFT_EMIT_LOC_STRINGS = YES;
				SWIFT_VERSION = 5.0;
				TARGETED_DEVICE_FAMILY = "1,2";
			};
			name = Debug;
		};
		097DE6572A9ECBDE00F54D94 /* Release */ = {
			isa = XCBuildConfiguration;
			baseConfigurationReference = 3DE0F4E5E0CBC160030B5B2F /* Pods-RickandMorty.release.xcconfig */;
			buildSettings = {
				ASSETCATALOG_COMPILER_APPICON_NAME = AppIcon;
				ASSETCATALOG_COMPILER_GLOBAL_ACCENT_COLOR_NAME = AccentColor;
				CODE_SIGN_STYLE = Automatic;
				CURRENT_PROJECT_VERSION = 1;
				DEVELOPMENT_TEAM = 5WR73Q6863;
				GENERATE_INFOPLIST_FILE = YES;
				INFOPLIST_FILE = RickandMorty/Info.plist;
				INFOPLIST_KEY_UIApplicationSupportsIndirectInputEvents = YES;
				INFOPLIST_KEY_UILaunchStoryboardName = LaunchScreen;
				INFOPLIST_KEY_UISupportedInterfaceOrientations = UIInterfaceOrientationPortrait;
				INFOPLIST_KEY_UISupportedInterfaceOrientations_iPad = "UIInterfaceOrientationPortrait UIInterfaceOrientationPortraitUpsideDown UIInterfaceOrientationLandscapeLeft UIInterfaceOrientationLandscapeRight";
				INFOPLIST_KEY_UISupportedInterfaceOrientations_iPhone = "UIInterfaceOrientationPortrait UIInterfaceOrientationLandscapeLeft UIInterfaceOrientationLandscapeRight";
				LD_RUNPATH_SEARCH_PATHS = (
					"$(inherited)",
					"@executable_path/Frameworks",
				);
				MARKETING_VERSION = 1.0;
				PRODUCT_BUNDLE_IDENTIFIER = com.adriancysvillegas.RickandMorty;
				PRODUCT_NAME = "$(TARGET_NAME)";
				SWIFT_EMIT_LOC_STRINGS = YES;
				SWIFT_VERSION = 5.0;
				TARGETED_DEVICE_FAMILY = "1,2";
			};
			name = Release;
		};
/* End XCBuildConfiguration section */

/* Begin XCConfigurationList section */
		097DE6392A9ECBD600F54D94 /* Build configuration list for PBXProject "RickandMorty" */ = {
			isa = XCConfigurationList;
			buildConfigurations = (
				097DE6532A9ECBDE00F54D94 /* Debug */,
				097DE6542A9ECBDE00F54D94 /* Release */,
			);
			defaultConfigurationIsVisible = 0;
			defaultConfigurationName = Release;
		};
		097DE6552A9ECBDE00F54D94 /* Build configuration list for PBXNativeTarget "RickandMorty" */ = {
			isa = XCConfigurationList;
			buildConfigurations = (
				097DE6562A9ECBDE00F54D94 /* Debug */,
				097DE6572A9ECBDE00F54D94 /* Release */,
			);
			defaultConfigurationIsVisible = 0;
			defaultConfigurationName = Release;
		};
/* End XCConfigurationList section */

/* Begin XCVersionGroup section */
		097DE64A2A9ECBD700F54D94 /* RickandMorty.xcdatamodeld */ = {
			isa = XCVersionGroup;
			children = (
				097DE64B2A9ECBD700F54D94 /* RickandMorty.xcdatamodel */,
			);
			currentVersion = 097DE64B2A9ECBD700F54D94 /* RickandMorty.xcdatamodel */;
			path = RickandMorty.xcdatamodeld;
			sourceTree = "<group>";
			versionGroupType = wrapper.xcdatamodel;
		};
/* End XCVersionGroup section */
	};
	rootObject = 097DE6362A9ECBD600F54D94 /* Project object */;
}
